
Microsoft Visual Studio Solution File, Format Version 12.00
# Visual Studio Version 16
VisualStudioVersion = 16.0.33927.289
MinimumVisualStudioVersion = 10.0.40219.1
Project("{FAE04EC0-301F-11D3-BF4B-00C04F79EFBC}") = "Week1HW", "Week1HW\Week1HW.csproj", "{46197B8F-B0B7-4057-8112-2B70CBDBBC24}"
EndProject
Project("{FAE04EC0-301F-11D3-BF4B-00C04F79EFBC}") = "Week2Class", "Week2Class\Week2Class.csproj", "{63EA3F80-C580-4B78-A0B7-A3DD131ACCEB}"
EndProject
Project("{FAE04EC0-301F-11D3-BF4B-00C04F79EFBC}") = "Week2HW", "Week2HW\Week2HW.csproj", "{AD0BF576-7D1E-4298-9460-AA024AED2D51}"
EndProject
Project("{FAE04EC0-301F-11D3-BF4B-00C04F79EFBC}") = "Week3Class", "Week4Class\Week3Class.csproj", "{E315ECEF-81DF-4DEF-A18B-74CEC33BAB63}"
EndProject
Project("{FAE04EC0-301F-11D3-BF4B-00C04F79EFBC}") = "Week3HW", "Week3HW\Week3HW.csproj", "{3130333A-7455-4E16-A7B7-AE286F006B4F}"
EndProject
Project("{FAE04EC0-301F-11D3-BF4B-00C04F79EFBC}") = "Week4Class", "Week4Class\Week4Class.csproj", "{D45B94E3-23D5-47B4-873E-04B6D7F2D381}"
EndProject
Project("{FAE04EC0-301F-11D3-BF4B-00C04F79EFBC}") = "Week4HW", "Week4HW\Week4HW.csproj", "{C83F9F16-A951-4F5D-9012-6F39660A4AF6}"
EndProject
Project("{FAE04EC0-301F-11D3-BF4B-00C04F79EFBC}") = "Week4Class2", "Week4Class2\Week4Class2.csproj", "{5C279FB8-2E11-4E7F-A663-40534F281CBA}"
EndProject
Project("{FAE04EC0-301F-11D3-BF4B-00C04F79EFBC}") = "Week5Class", "Week5Class\Week5Class.csproj", "{E122EBF1-9944-457F-96CD-9A41A0AB348D}"
EndProject
Project("{FAE04EC0-301F-11D3-BF4B-00C04F79EFBC}") = "Week5HW", "Week5HW\Week5HW.csproj", "{4339158D-1AC9-4382-ABFB-D97DA40BFF6C}"
EndProject
Project("{FAE04EC0-301F-11D3-BF4B-00C04F79EFBC}") = "Project1", "Project1\Project1.csproj", "{588F8C6F-B1A4-456F-8147-3EAAA6BE1D04}"
EndProject
Project("{FAE04EC0-301F-11D3-BF4B-00C04F79EFBC}") = "Week8Class", "Week8Class\Week8Class.csproj", "{7119D924-1CDE-4009-AFC3-A25C177D8F2F}"
EndProject
Project("{FAE04EC0-301F-11D3-BF4B-00C04F79EFBC}") = "Week9Class", "Week9Class\Week9Class.csproj", "{C7C98F92-61A0-4D3C-91B1-028929D154BA}"
EndProject
Project("{FAE04EC0-301F-11D3-BF4B-00C04F79EFBC}") = "Week8HW", "Week8HW\Week8HW.csproj", "{D168B045-3542-4560-A8F6-D8B340F4EEBA}"
EndProject
Project("{FAE04EC0-301F-11D3-BF4B-00C04F79EFBC}") = "Week9HW", "Week9HW\Week9HW.csproj", "{8054F125-DD99-4F70-897D-A2D9475A7D19}"
EndProject
Project("{FAE04EC0-301F-11D3-BF4B-00C04F79EFBC}") = "Week10Class", "Week10Class\Week10Class.csproj", "{2CB9A748-A515-44AC-B51B-779CFC310ADD}"
EndProject
Project("{FAE04EC0-301F-11D3-BF4B-00C04F79EFBC}") = "Week10HW", "Week10HW\Week10HW.csproj", "{9201602F-C50E-4E85-BFB3-7A4493782B0D}"
EndProject
Project("{FAE04EC0-301F-11D3-BF4B-00C04F79EFBC}") = "Week11Class", "Week11Class\Week11Class.csproj", "{90A32AB8-CE5B-4044-9440-EEB943E730D0}"
EndProject
Project("{FAE04EC0-301F-11D3-BF4B-00C04F79EFBC}") = "Week11HW", "Week11HW\Week11HW.csproj", "{F19A14C4-10FF-4C58-91E3-40546FADCE47}"
EndProject
Project("{FAE04EC0-301F-11D3-BF4B-00C04F79EFBC}") = "Project 3", "Project 3\Project 3.csproj", "{7F4736A4-61D8-4D61-AEED-10F4F0342D85}"
EndProject
Global
	GlobalSection(SolutionConfigurationPlatforms) = preSolution
		Debug|Any CPU = Debug|Any CPU
		Release|Any CPU = Release|Any CPU
	EndGlobalSection
	GlobalSection(ProjectConfigurationPlatforms) = postSolution
		{46197B8F-B0B7-4057-8112-2B70CBDBBC24}.Debug|Any CPU.ActiveCfg = Debug|Any CPU
		{46197B8F-B0B7-4057-8112-2B70CBDBBC24}.Debug|Any CPU.Build.0 = Debug|Any CPU
		{46197B8F-B0B7-4057-8112-2B70CBDBBC24}.Release|Any CPU.ActiveCfg = Release|Any CPU
		{46197B8F-B0B7-4057-8112-2B70CBDBBC24}.Release|Any CPU.Build.0 = Release|Any CPU
		{63EA3F80-C580-4B78-A0B7-A3DD131ACCEB}.Debug|Any CPU.ActiveCfg = Debug|Any CPU
		{63EA3F80-C580-4B78-A0B7-A3DD131ACCEB}.Debug|Any CPU.Build.0 = Debug|Any CPU
		{63EA3F80-C580-4B78-A0B7-A3DD131ACCEB}.Release|Any CPU.ActiveCfg = Release|Any CPU
		{63EA3F80-C580-4B78-A0B7-A3DD131ACCEB}.Release|Any CPU.Build.0 = Release|Any CPU
		{AD0BF576-7D1E-4298-9460-AA024AED2D51}.Debug|Any CPU.ActiveCfg = Debug|Any CPU
		{AD0BF576-7D1E-4298-9460-AA024AED2D51}.Debug|Any CPU.Build.0 = Debug|Any CPU
		{AD0BF576-7D1E-4298-9460-AA024AED2D51}.Release|Any CPU.ActiveCfg = Release|Any CPU
		{AD0BF576-7D1E-4298-9460-AA024AED2D51}.Release|Any CPU.Build.0 = Release|Any CPU
		{E315ECEF-81DF-4DEF-A18B-74CEC33BAB63}.Debug|Any CPU.ActiveCfg = Debug|Any CPU
		{E315ECEF-81DF-4DEF-A18B-74CEC33BAB63}.Debug|Any CPU.Build.0 = Debug|Any CPU
		{E315ECEF-81DF-4DEF-A18B-74CEC33BAB63}.Release|Any CPU.ActiveCfg = Release|Any CPU
		{E315ECEF-81DF-4DEF-A18B-74CEC33BAB63}.Release|Any CPU.Build.0 = Release|Any CPU
		{3130333A-7455-4E16-A7B7-AE286F006B4F}.Debug|Any CPU.ActiveCfg = Debug|Any CPU
		{3130333A-7455-4E16-A7B7-AE286F006B4F}.Debug|Any CPU.Build.0 = Debug|Any CPU
		{3130333A-7455-4E16-A7B7-AE286F006B4F}.Release|Any CPU.ActiveCfg = Release|Any CPU
		{3130333A-7455-4E16-A7B7-AE286F006B4F}.Release|Any CPU.Build.0 = Release|Any CPU
		{D45B94E3-23D5-47B4-873E-04B6D7F2D381}.Debug|Any CPU.ActiveCfg = Debug|Any CPU
		{D45B94E3-23D5-47B4-873E-04B6D7F2D381}.Debug|Any CPU.Build.0 = Debug|Any CPU
		{D45B94E3-23D5-47B4-873E-04B6D7F2D381}.Release|Any CPU.ActiveCfg = Release|Any CPU
		{D45B94E3-23D5-47B4-873E-04B6D7F2D381}.Release|Any CPU.Build.0 = Release|Any CPU
		{C83F9F16-A951-4F5D-9012-6F39660A4AF6}.Debug|Any CPU.ActiveCfg = Debug|Any CPU
		{C83F9F16-A951-4F5D-9012-6F39660A4AF6}.Debug|Any CPU.Build.0 = Debug|Any CPU
		{C83F9F16-A951-4F5D-9012-6F39660A4AF6}.Release|Any CPU.ActiveCfg = Release|Any CPU
		{C83F9F16-A951-4F5D-9012-6F39660A4AF6}.Release|Any CPU.Build.0 = Release|Any CPU
		{5C279FB8-2E11-4E7F-A663-40534F281CBA}.Debug|Any CPU.ActiveCfg = Debug|Any CPU
		{5C279FB8-2E11-4E7F-A663-40534F281CBA}.Debug|Any CPU.Build.0 = Debug|Any CPU
		{5C279FB8-2E11-4E7F-A663-40534F281CBA}.Release|Any CPU.ActiveCfg = Release|Any CPU
		{5C279FB8-2E11-4E7F-A663-40534F281CBA}.Release|Any CPU.Build.0 = Release|Any CPU
		{E122EBF1-9944-457F-96CD-9A41A0AB348D}.Debug|Any CPU.ActiveCfg = Debug|Any CPU
		{E122EBF1-9944-457F-96CD-9A41A0AB348D}.Debug|Any CPU.Build.0 = Debug|Any CPU
		{E122EBF1-9944-457F-96CD-9A41A0AB348D}.Release|Any CPU.ActiveCfg = Release|Any CPU
		{E122EBF1-9944-457F-96CD-9A41A0AB348D}.Release|Any CPU.Build.0 = Release|Any CPU
		{4339158D-1AC9-4382-ABFB-D97DA40BFF6C}.Debug|Any CPU.ActiveCfg = Debug|Any CPU
		{4339158D-1AC9-4382-ABFB-D97DA40BFF6C}.Debug|Any CPU.Build.0 = Debug|Any CPU
		{4339158D-1AC9-4382-ABFB-D97DA40BFF6C}.Release|Any CPU.ActiveCfg = Release|Any CPU
		{4339158D-1AC9-4382-ABFB-D97DA40BFF6C}.Release|Any CPU.Build.0 = Release|Any CPU
		{588F8C6F-B1A4-456F-8147-3EAAA6BE1D04}.Debug|Any CPU.ActiveCfg = Debug|Any CPU
		{588F8C6F-B1A4-456F-8147-3EAAA6BE1D04}.Debug|Any CPU.Build.0 = Debug|Any CPU
		{588F8C6F-B1A4-456F-8147-3EAAA6BE1D04}.Release|Any CPU.ActiveCfg = Release|Any CPU
		{588F8C6F-B1A4-456F-8147-3EAAA6BE1D04}.Release|Any CPU.Build.0 = Release|Any CPU
		{7119D924-1CDE-4009-AFC3-A25C177D8F2F}.Debug|Any CPU.ActiveCfg = Debug|Any CPU
		{7119D924-1CDE-4009-AFC3-A25C177D8F2F}.Debug|Any CPU.Build.0 = Debug|Any CPU
		{7119D924-1CDE-4009-AFC3-A25C177D8F2F}.Release|Any CPU.ActiveCfg = Release|Any CPU
		{7119D924-1CDE-4009-AFC3-A25C177D8F2F}.Release|Any CPU.Build.0 = Release|Any CPU
		{C7C98F92-61A0-4D3C-91B1-028929D154BA}.Debug|Any CPU.ActiveCfg = Debug|Any CPU
		{C7C98F92-61A0-4D3C-91B1-028929D154BA}.Debug|Any CPU.Build.0 = Debug|Any CPU
		{C7C98F92-61A0-4D3C-91B1-028929D154BA}.Release|Any CPU.ActiveCfg = Release|Any CPU
		{C7C98F92-61A0-4D3C-91B1-028929D154BA}.Release|Any CPU.Build.0 = Release|Any CPU
		{D168B045-3542-4560-A8F6-D8B340F4EEBA}.Debug|Any CPU.ActiveCfg = Debug|Any CPU
		{D168B045-3542-4560-A8F6-D8B340F4EEBA}.Debug|Any CPU.Build.0 = Debug|Any CPU
		{D168B045-3542-4560-A8F6-D8B340F4EEBA}.Release|Any CPU.ActiveCfg = Release|Any CPU
		{D168B045-3542-4560-A8F6-D8B340F4EEBA}.Release|Any CPU.Build.0 = Release|Any CPU
		{8054F125-DD99-4F70-897D-A2D9475A7D19}.Debug|Any CPU.ActiveCfg = Debug|Any CPU
		{8054F125-DD99-4F70-897D-A2D9475A7D19}.Debug|Any CPU.Build.0 = Debug|Any CPU
		{8054F125-DD99-4F70-897D-A2D9475A7D19}.Release|Any CPU.ActiveCfg = Release|Any CPU
		{8054F125-DD99-4F70-897D-A2D9475A7D19}.Release|Any CPU.Build.0 = Release|Any CPU
		{2CB9A748-A515-44AC-B51B-779CFC310ADD}.Debug|Any CPU.ActiveCfg = Debug|Any CPU
		{2CB9A748-A515-44AC-B51B-779CFC310ADD}.Debug|Any CPU.Build.0 = Debug|Any CPU
		{2CB9A748-A515-44AC-B51B-779CFC310ADD}.Release|Any CPU.ActiveCfg = Release|Any CPU
		{2CB9A748-A515-44AC-B51B-779CFC310ADD}.Release|Any CPU.Build.0 = Release|Any CPU
		{9201602F-C50E-4E85-BFB3-7A4493782B0D}.Debug|Any CPU.ActiveCfg = Debug|Any CPU
		{9201602F-C50E-4E85-BFB3-7A4493782B0D}.Debug|Any CPU.Build.0 = Debug|Any CPU
		{9201602F-C50E-4E85-BFB3-7A4493782B0D}.Release|Any CPU.ActiveCfg = Release|Any CPU
		{9201602F-C50E-4E85-BFB3-7A4493782B0D}.Release|Any CPU.Build.0 = Release|Any CPU
		{90A32AB8-CE5B-4044-9440-EEB943E730D0}.Debug|Any CPU.ActiveCfg = Debug|Any CPU
		{90A32AB8-CE5B-4044-9440-EEB943E730D0}.Debug|Any CPU.Build.0 = Debug|Any CPU
		{90A32AB8-CE5B-4044-9440-EEB943E730D0}.Release|Any CPU.ActiveCfg = Release|Any CPU
		{90A32AB8-CE5B-4044-9440-EEB943E730D0}.Release|Any CPU.Build.0 = Release|Any CPU
		{F19A14C4-10FF-4C58-91E3-40546FADCE47}.Debug|Any CPU.ActiveCfg = Debug|Any CPU
		{F19A14C4-10FF-4C58-91E3-40546FADCE47}.Debug|Any CPU.Build.0 = Debug|Any CPU
		{F19A14C4-10FF-4C58-91E3-40546FADCE47}.Release|Any CPU.ActiveCfg = Release|Any CPU
		{F19A14C4-10FF-4C58-91E3-40546FADCE47}.Release|Any CPU.Build.0 = Release|Any CPU
		{7F4736A4-61D8-4D61-AEED-10F4F0342D85}.Debug|Any CPU.ActiveCfg = Debug|Any CPU
		{7F4736A4-61D8-4D61-AEED-10F4F0342D85}.Debug|Any CPU.Build.0 = Debug|Any CPU
		{7F4736A4-61D8-4D61-AEED-10F4F0342D85}.Release|Any CPU.ActiveCfg = Release|Any CPU
		{7F4736A4-61D8-4D61-AEED-10F4F0342D85}.Release|Any CPU.Build.0 = Release|Any CPU
	EndGlobalSection
	GlobalSection(SolutionProperties) = preSolution
		HideSolutionNode = FALSE
	EndGlobalSection
	GlobalSection(ExtensibilityGlobals) = postSolution
		SolutionGuid = {785CE718-A65C-4FA6-98EC-6D2CFED8F9E2}
	EndGlobalSection
EndGlobal
