
Microsoft Visual Studio Solution File, Format Version 12.00
# Visual Studio Version 16
VisualStudioVersion = 16.0.33927.289
MinimumVisualStudioVersion = 10.0.40219.1
Project("{FAE04EC0-301F-11D3-BF4B-00C04F79EFBC}") = "Week1HW", "Week1HW\Week1HW.csproj", "{46197B8F-B0B7-4057-8112-2B70CBDBBC24}"
EndProject
Project("{FAE04EC0-301F-11D3-BF4B-00C04F79EFBC}") = "Week2Class", "Week2Class\Week2Class.csproj", "{63EA3F80-C580-4B78-A0B7-A3DD131ACCEB}"
EndProject
Project("{FAE04EC0-301F-11D3-BF4B-00C04F79EFBC}") = "Week2HW", "Week2HW\Week2HW.csproj", "{AD0BF576-7D1E-4298-9460-AA024AED2D51}"
EndProject
Global
	GlobalSection(SolutionConfigurationPlatforms) = preSolution
		Debug|Any CPU = Debug|Any CPU
		Release|Any CPU = Release|Any CPU
	EndGlobalSection
	GlobalSection(ProjectConfigurationPlatforms) = postSolution
		{46197B8F-B0B7-4057-8112-2B70CBDBBC24}.Debug|Any CPU.ActiveCfg = Debug|Any CPU
		{46197B8F-B0B7-4057-8112-2B70CBDBBC24}.Debug|Any CPU.Build.0 = Debug|Any CPU
		{46197B8F-B0B7-4057-8112-2B70CBDBBC24}.Release|Any CPU.ActiveCfg = Release|Any CPU
		{46197B8F-B0B7-4057-8112-2B70CBDBBC24}.Release|Any CPU.Build.0 = Release|Any CPU
		{63EA3F80-C580-4B78-A0B7-A3DD131ACCEB}.Debug|Any CPU.ActiveCfg = Debug|Any CPU
		{63EA3F80-C580-4B78-A0B7-A3DD131ACCEB}.Debug|Any CPU.Build.0 = Debug|Any CPU
		{63EA3F80-C580-4B78-A0B7-A3DD131ACCEB}.Release|Any CPU.ActiveCfg = Release|Any CPU
		{63EA3F80-C580-4B78-A0B7-A3DD131ACCEB}.Release|Any CPU.Build.0 = Release|Any CPU
		{AD0BF576-7D1E-4298-9460-AA024AED2D51}.Debug|Any CPU.ActiveCfg = Debug|Any CPU
		{AD0BF576-7D1E-4298-9460-AA024AED2D51}.Debug|Any CPU.Build.0 = Debug|Any CPU
		{AD0BF576-7D1E-4298-9460-AA024AED2D51}.Release|Any CPU.ActiveCfg = Release|Any CPU
		{AD0BF576-7D1E-4298-9460-AA024AED2D51}.Release|Any CPU.Build.0 = Release|Any CPU
	EndGlobalSection
	GlobalSection(SolutionProperties) = preSolution
		HideSolutionNode = FALSE
	EndGlobalSection
	GlobalSection(ExtensibilityGlobals) = postSolution
		SolutionGuid = {785CE718-A65C-4FA6-98EC-6D2CFED8F9E2}
	EndGlobalSection
EndGlobal
